
Microsoft Visual Studio Solution File, Format Version 12.00
# Visual Studio Version 17
VisualStudioVersion = 17.5.002.0
MinimumVisualStudioVersion = 10.0.40219.1
Project("{9A19103F-16F7-4668-BE54-9A1E7A4F7556}") = "TrilhaApiDesafio", "TrilhaApiDesafio.csproj", "{5C5FBB9F-F36A-47ED-9578-78ECC7980966}"
EndProject
Global
	GlobalSection(SolutionConfigurationPlatforms) = preSolution
		Debug|Any CPU = Debug|Any CPU
		Release|Any CPU = Release|Any CPU
	EndGlobalSection
	GlobalSection(ProjectConfigurationPlatforms) = postSolution
		{5C5FBB9F-F36A-47ED-9578-78ECC7980966}.Debug|Any CPU.ActiveCfg = Debug|Any CPU
		{5C5FBB9F-F36A-47ED-9578-78ECC7980966}.Debug|Any CPU.Build.0 = Debug|Any CPU
		{5C5FBB9F-F36A-47ED-9578-78ECC7980966}.Release|Any CPU.ActiveCfg = Release|Any CPU
		{5C5FBB9F-F36A-47ED-9578-78ECC7980966}.Release|Any CPU.Build.0 = Release|Any CPU
	EndGlobalSection
	GlobalSection(SolutionProperties) = preSolution
		HideSolutionNode = FALSE
	EndGlobalSection
	GlobalSection(ExtensibilityGlobals) = postSolution
		SolutionGuid = {EA67771C-BDC7-4CEB-A28A-969653280016}
	EndGlobalSection
EndGlobal
